
Microsoft Visual Studio Solution File, Format Version 12.00
Project("{FAE04EC0-301F-11D3-BF4B-00C04F79EFBC}") = "Challange1", "Challange1.csproj", "{F30137DD-ADE4-4297-9CBB-F3894F5917CE}"
EndProject
Global
	GlobalSection(SolutionConfigurationPlatforms) = preSolution
		Debug|Any CPU = Debug|Any CPU
		Release|Any CPU = Release|Any CPU
	EndGlobalSection
	GlobalSection(ProjectConfigurationPlatforms) = postSolution
		{F30137DD-ADE4-4297-9CBB-F3894F5917CE}.Debug|Any CPU.ActiveCfg = Debug|Any CPU
		{F30137DD-ADE4-4297-9CBB-F3894F5917CE}.Debug|Any CPU.Build.0 = Debug|Any CPU
		{F30137DD-ADE4-4297-9CBB-F3894F5917CE}.Release|Any CPU.ActiveCfg = Release|Any CPU
		{F30137DD-ADE4-4297-9CBB-F3894F5917CE}.Release|Any CPU.Build.0 = Release|Any CPU
	EndGlobalSection
EndGlobal
